
Microsoft Visual Studio Solution File, Format Version 12.00
# Visual Studio Version 18
VisualStudioVersion = 18.2.11415.280 d18.0
MinimumVisualStudioVersion = 10.0.40219.1
Project("{FAE04EC0-301F-11D3-BF4B-00C04F79EFBC}") = "ConfigurableElevatedRoad", "ConfigurableElevatedRoad.csproj", "{70B4978C-33EF-41BF-4A62-C9C9CC8FE2F5}"
EndProject
Global
	GlobalSection(SolutionConfigurationPlatforms) = preSolution
		Debug|Any CPU = Debug|Any CPU
		Release|Any CPU = Release|Any CPU
	EndGlobalSection
	GlobalSection(ProjectConfigurationPlatforms) = postSolution
		{70B4978C-33EF-41BF-4A62-C9C9CC8FE2F5}.Debug|Any CPU.ActiveCfg = Debug|Any CPU
		{70B4978C-33EF-41BF-4A62-C9C9CC8FE2F5}.Debug|Any CPU.Build.0 = Debug|Any CPU
		{70B4978C-33EF-41BF-4A62-C9C9CC8FE2F5}.Release|Any CPU.ActiveCfg = Release|Any CPU
		{70B4978C-33EF-41BF-4A62-C9C9CC8FE2F5}.Release|Any CPU.Build.0 = Release|Any CPU
	EndGlobalSection
	GlobalSection(SolutionProperties) = preSolution
		HideSolutionNode = FALSE
	EndGlobalSection
	GlobalSection(ExtensibilityGlobals) = postSolution
		SolutionGuid = {6C21E547-749B-4CF3-A809-7F99EF573C74}
	EndGlobalSection
EndGlobal
